
Microsoft Visual Studio Solution File, Format Version 12.00
# Visual Studio Version 17
VisualStudioVersion = 17.0.31903.59
MinimumVisualStudioVersion = 10.0.40219.1
Project("{2150E333-8FDC-42A3-9474-1A3956D46DE8}") = "src", "src", "{827E0CD3-B72D-47B6-A68D-7590B98EB39B}"
EndProject
Project("{2150E333-8FDC-42A3-9474-1A3956D46DE8}") = "tests", "tests", "{0AB3BF05-4346-4AA6-1389-037BE0695223}"
EndProject
Project("{2150E333-8FDC-42A3-9474-1A3956D46DE8}") = "samples", "samples", "{5D20AA90-6969-D8BD-9DCD-8634F4692FDA}"
EndProject
Project("{FAE04EC0-301F-11D3-BF4B-00C04F79EFBC}") = "FluentJson.NewtonsoftJson", "src\FluentJson.NewtonsoftJson\FluentJson.NewtonsoftJson.csproj", "{D1B88ADD-65C4-40C5-9BB0-248E130190B4}"
EndProject
Project("{2150E333-8FDC-42A3-9474-1A3956D46DE8}") = "Solution Items", "Solution Items", "{089100B1-113F-4E66-888A-E83F3999EAFD}"
	ProjectSection(SolutionItems) = preProject
		.editorconfig = .editorconfig
	EndProjectSection
EndProject
Project("{FAE04EC0-301F-11D3-BF4B-00C04F79EFBC}") = "FluentJson", "src\FluentJson\FluentJson.csproj", "{7FCC917C-0C1A-4A51-98AD-39151FC6930D}"
EndProject
Project("{FAE04EC0-301F-11D3-BF4B-00C04F79EFBC}") = "FluentJson.SystemTextJson", "src\FluentJson.SystemTextJson\FluentJson.SystemTextJson.csproj", "{39D6FA55-2CF9-4A4E-B6A6-1310EE565691}"
EndProject
Global
	GlobalSection(SolutionConfigurationPlatforms) = preSolution
		Debug|Any CPU = Debug|Any CPU
		Release|Any CPU = Release|Any CPU
	EndGlobalSection
	GlobalSection(ProjectConfigurationPlatforms) = postSolution
		{D1B88ADD-65C4-40C5-9BB0-248E130190B4}.Debug|Any CPU.ActiveCfg = Debug|Any CPU
		{D1B88ADD-65C4-40C5-9BB0-248E130190B4}.Debug|Any CPU.Build.0 = Debug|Any CPU
		{D1B88ADD-65C4-40C5-9BB0-248E130190B4}.Release|Any CPU.ActiveCfg = Release|Any CPU
		{D1B88ADD-65C4-40C5-9BB0-248E130190B4}.Release|Any CPU.Build.0 = Release|Any CPU
		{7FCC917C-0C1A-4A51-98AD-39151FC6930D}.Debug|Any CPU.ActiveCfg = Debug|Any CPU
		{7FCC917C-0C1A-4A51-98AD-39151FC6930D}.Debug|Any CPU.Build.0 = Debug|Any CPU
		{7FCC917C-0C1A-4A51-98AD-39151FC6930D}.Release|Any CPU.ActiveCfg = Release|Any CPU
		{7FCC917C-0C1A-4A51-98AD-39151FC6930D}.Release|Any CPU.Build.0 = Release|Any CPU
		{39D6FA55-2CF9-4A4E-B6A6-1310EE565691}.Debug|Any CPU.ActiveCfg = Debug|Any CPU
		{39D6FA55-2CF9-4A4E-B6A6-1310EE565691}.Debug|Any CPU.Build.0 = Debug|Any CPU
		{39D6FA55-2CF9-4A4E-B6A6-1310EE565691}.Release|Any CPU.ActiveCfg = Release|Any CPU
		{39D6FA55-2CF9-4A4E-B6A6-1310EE565691}.Release|Any CPU.Build.0 = Release|Any CPU
	EndGlobalSection
	GlobalSection(SolutionProperties) = preSolution
		HideSolutionNode = FALSE
	EndGlobalSection
	GlobalSection(NestedProjects) = preSolution
		{D1B88ADD-65C4-40C5-9BB0-248E130190B4} = {827E0CD3-B72D-47B6-A68D-7590B98EB39B}
		{7FCC917C-0C1A-4A51-98AD-39151FC6930D} = {827E0CD3-B72D-47B6-A68D-7590B98EB39B}
		{39D6FA55-2CF9-4A4E-B6A6-1310EE565691} = {827E0CD3-B72D-47B6-A68D-7590B98EB39B}
	EndGlobalSection
	GlobalSection(ExtensibilityGlobals) = postSolution
		SolutionGuid = {C866FBB0-EE09-47C8-93A0-FDB0E31FE371}
	EndGlobalSection
EndGlobal
